
Microsoft Visual Studio Solution File, Format Version 12.00
# Visual Studio Version 16
VisualStudioVersion = 16.0.31729.503
MinimumVisualStudioVersion = 10.0.40219.1
Project("{FAE04EC0-301F-11D3-BF4B-00C04F79EFBC}") = "AulaConsumirAPicerto", "AulaConsumirAPicerto.csproj", "{EC7FBB89-F694-4F1E-A71A-A15E008E6B01}"
EndProject
Global
	GlobalSection(SolutionConfigurationPlatforms) = preSolution
		Debug|Any CPU = Debug|Any CPU
		Release|Any CPU = Release|Any CPU
	EndGlobalSection
	GlobalSection(ProjectConfigurationPlatforms) = postSolution
		{EC7FBB89-F694-4F1E-A71A-A15E008E6B01}.Debug|Any CPU.ActiveCfg = Debug|Any CPU
		{EC7FBB89-F694-4F1E-A71A-A15E008E6B01}.Debug|Any CPU.Build.0 = Debug|Any CPU
		{EC7FBB89-F694-4F1E-A71A-A15E008E6B01}.Release|Any CPU.ActiveCfg = Release|Any CPU
		{EC7FBB89-F694-4F1E-A71A-A15E008E6B01}.Release|Any CPU.Build.0 = Release|Any CPU
	EndGlobalSection
	GlobalSection(SolutionProperties) = preSolution
		HideSolutionNode = FALSE
	EndGlobalSection
	GlobalSection(ExtensibilityGlobals) = postSolution
		SolutionGuid = {5A168356-D77A-4235-8D13-058D298114FA}
	EndGlobalSection
EndGlobal
